Microsoft Visual Studio Solution File, Format Version 12.00
# Visual Studio Version 17
VisualStudioVersion = 17.0.31903.59
MinimumVisualStudioVersion = 10.0.40219.1
Project("{FAE04EC0-301F-11D3-BF4B-00C04F79EFBC}") = "SonyBraviaControl", "src\SonyBraviaControl\SonyBraviaControl.csproj", "{B1B3E533-44B8-4F72-9A1A-6233D40EF946}"
EndProject
Global
	GlobalSection(SolutionConfigurationPlatforms) = preSolution
		Debug|Any CPU = Debug|Any CPU
		Release|Any CPU = Release|Any CPU
	EndGlobalSection
	GlobalSection(ProjectConfigurationPlatforms) = postSolution
		{B1B3E533-44B8-4F72-9A1A-6233D40EF946}.Debug|Any CPU.ActiveCfg = Debug|Any CPU
		{B1B3E533-44B8-4F72-9A1A-6233D40EF946}.Debug|Any CPU.Build.0 = Debug|Any CPU
		{B1B3E533-44B8-4F72-9A1A-6233D40EF946}.Release|Any CPU.ActiveCfg = Release|Any CPU
		{B1B3E533-44B8-4F72-9A1A-6233D40EF946}.Release|Any CPU.Build.0 = Release|Any CPU
	EndGlobalSection
EndGlobal
